
Microsoft Visual Studio Solution File, Format Version 12.00
# Visual Studio Version 17
VisualStudioVersion = 17.13.35818.85 d17.13
MinimumVisualStudioVersion = 10.0.40219.1
Project("{FAE04EC0-301F-11D3-BF4B-00C04F79EFBC}") = "Modul_3", "Modul_3.csproj", "{A6E28083-2A10-488F-BEF7-5DE864CDA2A2}"
EndProject
Global
	GlobalSection(SolutionConfigurationPlatforms) = preSolution
		Debug|Any CPU = Debug|Any CPU
		Release|Any CPU = Release|Any CPU
	EndGlobalSection
	GlobalSection(ProjectConfigurationPlatforms) = postSolution
		{A6E28083-2A10-488F-BEF7-5DE864CDA2A2}.Debug|Any CPU.ActiveCfg = Debug|Any CPU
		{A6E28083-2A10-488F-BEF7-5DE864CDA2A2}.Debug|Any CPU.Build.0 = Debug|Any CPU
		{A6E28083-2A10-488F-BEF7-5DE864CDA2A2}.Release|Any CPU.ActiveCfg = Release|Any CPU
		{A6E28083-2A10-488F-BEF7-5DE864CDA2A2}.Release|Any CPU.Build.0 = Release|Any CPU
	EndGlobalSection
	GlobalSection(SolutionProperties) = preSolution
		HideSolutionNode = FALSE
	EndGlobalSection
	GlobalSection(ExtensibilityGlobals) = postSolution
		SolutionGuid = {4C26CC47-9C86-4BD4-B184-D0B14811015D}
	EndGlobalSection
EndGlobal
